lockfileVersion: '6.0'

dependencies:
  please-upgrade-node:
    specifier: ^3.2.0
    version: registry.npmmirror.com/please-upgrade-node@3.2.0

packages:

  registry.npmmirror.com/please-upgrade-node@3.2.0:
    resolution: {integrity: sha512-gQR3WpIgNIKwBMVLkpMUeR3e1/E1y42bqDQZfql+kDeXd8COYfM8PQA4X6y7a8u9Ua9FHmsrrmirW2vHs45hWg==, registry: https://registry.npm.taobao.org/, tarball: https://registry.npmmirror.com/please-upgrade-node/-/please-upgrade-node-3.2.0.tgz}
    name: please-upgrade-node
    version: 3.2.0
    dependencies:
      semver-compare: registry.npmmirror.com/semver-compare@1.0.0
    dev: false

  registry.npmmirror.com/semver-compare@1.0.0:
    resolution: {integrity: sha512-YM3/ITh2MJ5MtzaM429anh+x2jiLVjqILF4m4oyQB18W7Ggea7BfqdH/wGMK7dDiMghv/6WG7znWMwUDzJiXow==, registry: https://registry.npm.taobao.org/, tarball: https://registry.npmmirror.com/semver-compare/-/semver-compare-1.0.0.tgz}
    name: semver-compare
    version: 1.0.0
    dev: false
